
Microsoft Visual Studio Solution File, Format Version 12.00
# Visual Studio Version 16
VisualStudioVersion = 16.0.29306.81
MinimumVisualStudioVersion = 10.0.40219.1
Project("{FAE04EC0-301F-11D3-BF4B-00C04F79EFBC}") = "Kolokwium31.01.20", "Kolokwium31.01.20.csproj", "{79D6B1DC-9F77-4F76-BE3E-E5BBE61C87EE}"
EndProject
Global
	GlobalSection(SolutionConfigurationPlatforms) = preSolution
		Debug|Any CPU = Debug|Any CPU
		Release|Any CPU = Release|Any CPU
	EndGlobalSection
	GlobalSection(ProjectConfigurationPlatforms) = postSolution
		{79D6B1DC-9F77-4F76-BE3E-E5BBE61C87EE}.Debug|Any CPU.ActiveCfg = Debug|Any CPU
		{79D6B1DC-9F77-4F76-BE3E-E5BBE61C87EE}.Debug|Any CPU.Build.0 = Debug|Any CPU
		{79D6B1DC-9F77-4F76-BE3E-E5BBE61C87EE}.Release|Any CPU.ActiveCfg = Release|Any CPU
		{79D6B1DC-9F77-4F76-BE3E-E5BBE61C87EE}.Release|Any CPU.Build.0 = Release|Any CPU
	EndGlobalSection
	GlobalSection(SolutionProperties) = preSolution
		HideSolutionNode = FALSE
	EndGlobalSection
	GlobalSection(ExtensibilityGlobals) = postSolution
		SolutionGuid = {A384C116-5978-4538-B417-7EEB25C0EB76}
	EndGlobalSection
EndGlobal
